{
  "name": "dup-version-app",
  "version": "1.0.0",
  "lockfileVersion": 3,
  "requires": true,
  "packages": {
    "": {
      "name": "dup-version-app",
      "version": "1.0.0",
      "dependencies": {
        "package-a": "^1.0.0",
        "package-b": "^1.0.0"
      }
    },
    "node_modules/package-a": {
      "version": "1.0.0",
      "dependencies": {
        "lodash": "^4.17.21"
      }
    },
    "node_modules/package-b": {
      "version": "1.0.0",
      "dependencies": {
        "lodash": "^4.17.20"
      }
    },
    "node_modules/lodash": {
      "version": "4.17.21"
    },
    "node_modules/package-b/node_modules/lodash": {
      "version": "4.17.20"
    }
  }
}
